
Microsoft Visual Studio Solution File, Format Version 12.00
# Visual Studio Version 16
VisualStudioVersion = 16.0.31321.278
MinimumVisualStudioVersion = 10.0.40219.1
Project("{9A19103F-16F7-4668-BE54-9A1E7A4F7556}") = "ProductGrpc", "ProductGrpc\ProductGrpc.csproj", "{CE640998-B0E8-4A5D-AE4A-7B6CE387BD65}"
EndProject
Project("{9A19103F-16F7-4668-BE54-9A1E7A4F7556}") = "ProductGrpcClient", "ProductGrpcClient\ProductGrpcClient.csproj", "{93F6BD81-0726-4F25-AFBE-3256EEC6C60D}"
EndProject
Project("{FAE04EC0-301F-11D3-BF4B-00C04F79EFBC}") = "ProductWorkerService", "ProductWorkerService\ProductWorkerService.csproj", "{49DDE57E-E1FF-41B7-A23C-0E496B898914}"
EndProject
Project("{2150E333-8FDC-42A3-9474-1A3956D46DE8}") = "Product", "Product", "{6C05BB1D-4FFF-4047-9164-E0B0A082E5F0}"
EndProject
Project("{2150E333-8FDC-42A3-9474-1A3956D46DE8}") = "ShoppingCart", "ShoppingCart", "{5C1239B4-3212-4727-A967-D8748A6F11ED}"
EndProject
Project("{FAE04EC0-301F-11D3-BF4B-00C04F79EFBC}") = "ShoppingCartGrpc", "ShoppingCart\ShoppingCartGrpc\ShoppingCartGrpc.csproj", "{60E86358-71CD-4CC6-BD24-864C44B49F2C}"
EndProject
Global
	GlobalSection(SolutionConfigurationPlatforms) = preSolution
		Debug|Any CPU = Debug|Any CPU
		Release|Any CPU = Release|Any CPU
	EndGlobalSection
	GlobalSection(ProjectConfigurationPlatforms) = postSolution
		{CE640998-B0E8-4A5D-AE4A-7B6CE387BD65}.Debug|Any CPU.ActiveCfg = Debug|Any CPU
		{CE640998-B0E8-4A5D-AE4A-7B6CE387BD65}.Debug|Any CPU.Build.0 = Debug|Any CPU
		{CE640998-B0E8-4A5D-AE4A-7B6CE387BD65}.Release|Any CPU.ActiveCfg = Release|Any CPU
		{CE640998-B0E8-4A5D-AE4A-7B6CE387BD65}.Release|Any CPU.Build.0 = Release|Any CPU
		{93F6BD81-0726-4F25-AFBE-3256EEC6C60D}.Debug|Any CPU.ActiveCfg = Debug|Any CPU
		{93F6BD81-0726-4F25-AFBE-3256EEC6C60D}.Debug|Any CPU.Build.0 = Debug|Any CPU
		{93F6BD81-0726-4F25-AFBE-3256EEC6C60D}.Release|Any CPU.ActiveCfg = Release|Any CPU
		{93F6BD81-0726-4F25-AFBE-3256EEC6C60D}.Release|Any CPU.Build.0 = Release|Any CPU
		{49DDE57E-E1FF-41B7-A23C-0E496B898914}.Debug|Any CPU.ActiveCfg = Debug|Any CPU
		{49DDE57E-E1FF-41B7-A23C-0E496B898914}.Debug|Any CPU.Build.0 = Debug|Any CPU
		{49DDE57E-E1FF-41B7-A23C-0E496B898914}.Release|Any CPU.ActiveCfg = Release|Any CPU
		{49DDE57E-E1FF-41B7-A23C-0E496B898914}.Release|Any CPU.Build.0 = Release|Any CPU
		{60E86358-71CD-4CC6-BD24-864C44B49F2C}.Debug|Any CPU.ActiveCfg = Debug|Any CPU
		{60E86358-71CD-4CC6-BD24-864C44B49F2C}.Debug|Any CPU.Build.0 = Debug|Any CPU
		{60E86358-71CD-4CC6-BD24-864C44B49F2C}.Release|Any CPU.ActiveCfg = Release|Any CPU
		{60E86358-71CD-4CC6-BD24-864C44B49F2C}.Release|Any CPU.Build.0 = Release|Any CPU
	EndGlobalSection
	GlobalSection(SolutionProperties) = preSolution
		HideSolutionNode = FALSE
	EndGlobalSection
	GlobalSection(NestedProjects) = preSolution
		{CE640998-B0E8-4A5D-AE4A-7B6CE387BD65} = {6C05BB1D-4FFF-4047-9164-E0B0A082E5F0}
		{93F6BD81-0726-4F25-AFBE-3256EEC6C60D} = {6C05BB1D-4FFF-4047-9164-E0B0A082E5F0}
		{49DDE57E-E1FF-41B7-A23C-0E496B898914} = {6C05BB1D-4FFF-4047-9164-E0B0A082E5F0}
		{60E86358-71CD-4CC6-BD24-864C44B49F2C} = {5C1239B4-3212-4727-A967-D8748A6F11ED}
	EndGlobalSection
	GlobalSection(ExtensibilityGlobals) = postSolution
		SolutionGuid = {30BA8171-E409-4F41-9791-51F5B7894EFB}
	EndGlobalSection
EndGlobal
